# This file is autogenerated, do not edit; changes may be undone by the next 'dep ensure'.


[[projects]]
  name = "github.com/qiniu/api.v7"
  packages = ["auth/qbox","storage"]
  revision = "5c2af6a4373998c9553eb3679d86ff2c47d9de0a"
  version = "v7.2.1"

[[projects]]
  name = "github.com/qiniu/x"
  packages = ["bytes.v7","bytes.v7/seekable","rpc.v7","xlog.v7"]
  revision = "946c4a16076d6d98aeb78619e2bd4012357f7228"
  version = "v7.0.8"

[[projects]]
  branch = "master"
  name = "golang.org/x/net"
  packages = ["context"]
  revision = "1c05540f6879653db88113bc4a2b70aec4bd491f"

[[projects]]
  branch = "v1"
  name = "gopkg.in/bsm/ratelimit.v1"
  packages = ["."]
  revision = "db14e161995a5177acef654cb0dd785e8ee8bc22"

[[projects]]
  name = "gopkg.in/redis.v3"
  packages = [".","internal","internal/consistenthash","internal/hashtag","internal/pool"]
  revision = "b5e368500d0a508ef8f16e9c2d4025a8a46bcc29"
  version = "v3.6.4"

[[projects]]
  name = "qiniupkg.com/x"
  packages = ["bytes.v7","log.v7","reqid.v7"]
  revision = "8fdcb89a80ae34e50b752c0dace258eb0256d2d8"
  version = "v7.0.7"

[solve-meta]
  analyzer-name = "dep"
  analyzer-version = 1
  inputs-digest = "be0dca40d8c85fe1090d0bc53f2200c7179a35cc4eef4501cb55a9054680a48b"
  solver-name = "gps-cdcl"
  solver-version = 1
